{
  "name": "cloudretail",
  "lockfileVersion": 3,
  "requires": true,
  "packages": {
    "": {
      "name": "cloudretail",
      "workspaces": [
        "apps/api",
        "apps/web-ui"
      ]
    },
    "apps/api": {
      "name": "@cloudretail/api",
      "dependencies": {
        "typescript": "^5.4.3"
      }
    },
    "apps/web-ui": {
      "name": "@cloudretail/web-ui",
      "dependencies": {
        "typescript": "^5.4.3"
      }
    },
    "node_modules/@cloudretail/api": {
      "resolved": "apps/api",
      "link": true
    },
    "node_modules/@cloudretail/web-ui": {
      "resolved": "apps/web-ui",
      "link": true
    },
    "node_modules/typescript": {
      "version": "5.4.3",
      "resolved": "https://registry.npmjs.org/typescript/-/typescript-5.4.3.tgz",
      "integrity": "sha512-KrPd3PKaCLr78MalgiwJnA25Nm8HAmdwN3mYUYZgG/wizIo9EainNVQI9/yDavtVFRN2h3k8uf3GLHuhDMgEHg==",
      "bin": {
        "tsc": "bin/tsc",
        "tsserver": "bin/tsserver"
      },
      "engines": {
        "node": ">=14.17"
      }
    }
  }
}
